{
  "requires": true,
  "lockfileVersion": 1,
  "dependencies": {
    "node-red-contrib-ui-artless-gauge": {
      "version": "0.1.48",
      "resolved": "https://registry.npmjs.org/node-red-contrib-ui-artless-gauge/-/node-red-contrib-ui-artless-gauge-0.1.48.tgz",
      "integrity": "sha512-Ucza8Hx/xUz/9/+eF2RwAKMMnPx7TnTt4KOlUaAZ+8j21PzhnfsWSFQ8Mq7O+YRSqeBkGZpbXTIHaHvahn02YA=="
    },
    "node-red-node-ui-lineargauge": {
      "version": "0.3.6",
      "resolved": "https://registry.npmjs.org/node-red-node-ui-lineargauge/-/node-red-node-ui-lineargauge-0.3.6.tgz",
      "integrity": "sha512-ml31dR+1tchIb92pAsa/7wz4c3GIR6nAcaQqSIEgsRgGSO6jWbJyZ4loTWmiaP4/t7AbK3VmHn11vjDWE2QVYg=="
    }
  }
}
